
Microsoft Visual Studio Solution File, Format Version 11.00
# Visual Studio 2010
# SharpDevelop 5.1
Project("{FAE04EC0-301F-11D3-BF4B-00C04F79EFBC}") = "project47 partial classes", "project47 partial classes\project47 partial classes.csproj", "{4D019E97-9E7E-4722-BC2C-54B6B5C323FA}"
EndProject
Global
	GlobalSection(SolutionConfigurationPlatforms) = preSolution
		Debug|Any CPU = Debug|Any CPU
		Release|Any CPU = Release|Any CPU
	EndGlobalSection
	GlobalSection(ProjectConfigurationPlatforms) = postSolution
		{4D019E97-9E7E-4722-BC2C-54B6B5C323FA}.Debug|Any CPU.ActiveCfg = Debug|Any CPU
		{4D019E97-9E7E-4722-BC2C-54B6B5C323FA}.Debug|Any CPU.Build.0 = Debug|Any CPU
		{4D019E97-9E7E-4722-BC2C-54B6B5C323FA}.Release|Any CPU.ActiveCfg = Release|Any CPU
		{4D019E97-9E7E-4722-BC2C-54B6B5C323FA}.Release|Any CPU.Build.0 = Release|Any CPU
	EndGlobalSection
EndGlobal
