
Microsoft Visual Studio Solution File, Format Version 11.00
# Visual Studio 2010
# SharpDevelop 5.1
Project("{FAE04EC0-301F-11D3-BF4B-00C04F79EFBC}") = "project49 indexers", "project49 indexers\project49 indexers.csproj", "{0A7BB055-4F6A-4B77-AF5E-10F6D24E0768}"
EndProject
Global
	GlobalSection(SolutionConfigurationPlatforms) = preSolution
		Debug|Any CPU = Debug|Any CPU
		Release|Any CPU = Release|Any CPU
	EndGlobalSection
	GlobalSection(ProjectConfigurationPlatforms) = postSolution
		{0A7BB055-4F6A-4B77-AF5E-10F6D24E0768}.Debug|Any CPU.ActiveCfg = Debug|Any CPU
		{0A7BB055-4F6A-4B77-AF5E-10F6D24E0768}.Debug|Any CPU.Build.0 = Debug|Any CPU
		{0A7BB055-4F6A-4B77-AF5E-10F6D24E0768}.Release|Any CPU.ActiveCfg = Release|Any CPU
		{0A7BB055-4F6A-4B77-AF5E-10F6D24E0768}.Release|Any CPU.Build.0 = Release|Any CPU
	EndGlobalSection
EndGlobal
