
Microsoft Visual Studio Solution File, Format Version 11.00
# Visual Studio 2010
# SharpDevelop 5.1
Project("{FAE04EC0-301F-11D3-BF4B-00C04F79EFBC}") = "project10 write to console, escape sequence", "project10 write to console, escape sequence.csproj", "{DB6B3FFE-F647-43D2-BC8F-64B4CAAF303C}"
EndProject
Global
	GlobalSection(SolutionConfigurationPlatforms) = preSolution
		Debug|Any CPU = Debug|Any CPU
		Release|Any CPU = Release|Any CPU
	EndGlobalSection
	GlobalSection(ProjectConfigurationPlatforms) = postSolution
		{DB6B3FFE-F647-43D2-BC8F-64B4CAAF303C}.Debug|Any CPU.ActiveCfg = Debug|Any CPU
		{DB6B3FFE-F647-43D2-BC8F-64B4CAAF303C}.Debug|Any CPU.Build.0 = Debug|Any CPU
		{DB6B3FFE-F647-43D2-BC8F-64B4CAAF303C}.Release|Any CPU.ActiveCfg = Release|Any CPU
		{DB6B3FFE-F647-43D2-BC8F-64B4CAAF303C}.Release|Any CPU.Build.0 = Release|Any CPU
	EndGlobalSection
EndGlobal
