
Microsoft Visual Studio Solution File, Format Version 11.00
# Visual Studio 2010
# SharpDevelop 5.1
Project("{FAE04EC0-301F-11D3-BF4B-00C04F79EFBC}") = "queue collection type", "queue collection type\queue collection type.csproj", "{C3B9BFE1-91A5-4DC9-9C19-60CC66114C15}"
EndProject
Global
	GlobalSection(SolutionConfigurationPlatforms) = preSolution
		Debug|Any CPU = Debug|Any CPU
		Release|Any CPU = Release|Any CPU
	EndGlobalSection
	GlobalSection(ProjectConfigurationPlatforms) = postSolution
		{C3B9BFE1-91A5-4DC9-9C19-60CC66114C15}.Debug|Any CPU.ActiveCfg = Debug|Any CPU
		{C3B9BFE1-91A5-4DC9-9C19-60CC66114C15}.Debug|Any CPU.Build.0 = Debug|Any CPU
		{C3B9BFE1-91A5-4DC9-9C19-60CC66114C15}.Release|Any CPU.ActiveCfg = Release|Any CPU
		{C3B9BFE1-91A5-4DC9-9C19-60CC66114C15}.Release|Any CPU.Build.0 = Release|Any CPU
	EndGlobalSection
EndGlobal
