
Microsoft Visual Studio Solution File, Format Version 11.00
# Visual Studio 2010
# SharpDevelop 5.1
Project("{FAE04EC0-301F-11D3-BF4B-00C04F79EFBC}") = "project40 example of working with enums", "project40 example of working with enums\project40 example of working with enums.csproj", "{8213EB0C-D820-4AE3-B68D-2766E4BF71B8}"
EndProject
Global
	GlobalSection(SolutionConfigurationPlatforms) = preSolution
		Debug|Any CPU = Debug|Any CPU
		Release|Any CPU = Release|Any CPU
	EndGlobalSection
	GlobalSection(ProjectConfigurationPlatforms) = postSolution
		{8213EB0C-D820-4AE3-B68D-2766E4BF71B8}.Debug|Any CPU.ActiveCfg = Debug|Any CPU
		{8213EB0C-D820-4AE3-B68D-2766E4BF71B8}.Debug|Any CPU.Build.0 = Debug|Any CPU
		{8213EB0C-D820-4AE3-B68D-2766E4BF71B8}.Release|Any CPU.ActiveCfg = Release|Any CPU
		{8213EB0C-D820-4AE3-B68D-2766E4BF71B8}.Release|Any CPU.Build.0 = Release|Any CPU
	EndGlobalSection
EndGlobal
