
Microsoft Visual Studio Solution File, Format Version 11.00
# Visual Studio 2010
# SharpDevelop 5.1
Project("{FAE04EC0-301F-11D3-BF4B-00C04F79EFBC}") = "project28 encapsulation using c# proprieties", "project28 encapsulation using c# proprieties\project28 encapsulation using c# proprieties.csproj", "{35086CE3-7135-4A12-B76D-36A286FA37C1}"
EndProject
Global
	GlobalSection(SolutionConfigurationPlatforms) = preSolution
		Debug|Any CPU = Debug|Any CPU
		Release|Any CPU = Release|Any CPU
	EndGlobalSection
	GlobalSection(ProjectConfigurationPlatforms) = postSolution
		{35086CE3-7135-4A12-B76D-36A286FA37C1}.Debug|Any CPU.ActiveCfg = Debug|Any CPU
		{35086CE3-7135-4A12-B76D-36A286FA37C1}.Debug|Any CPU.Build.0 = Debug|Any CPU
		{35086CE3-7135-4A12-B76D-36A286FA37C1}.Release|Any CPU.ActiveCfg = Release|Any CPU
		{35086CE3-7135-4A12-B76D-36A286FA37C1}.Release|Any CPU.Build.0 = Release|Any CPU
	EndGlobalSection
EndGlobal
