
Microsoft Visual Studio Solution File, Format Version 11.00
# Visual Studio 2010
# SharpDevelop 5.1
Project("{FAE04EC0-301F-11D3-BF4B-00C04F79EFBC}") = "project25 polymorphism", "project25 polymorphism\project25 polymorphism.csproj", "{E5E2FDE0-FFEE-4984-BD9F-B309F2448EBD}"
EndProject
Global
	GlobalSection(SolutionConfigurationPlatforms) = preSolution
		Debug|Any CPU = Debug|Any CPU
		Release|Any CPU = Release|Any CPU
	EndGlobalSection
	GlobalSection(ProjectConfigurationPlatforms) = postSolution
		{E5E2FDE0-FFEE-4984-BD9F-B309F2448EBD}.Debug|Any CPU.ActiveCfg = Debug|Any CPU
		{E5E2FDE0-FFEE-4984-BD9F-B309F2448EBD}.Debug|Any CPU.Build.0 = Debug|Any CPU
		{E5E2FDE0-FFEE-4984-BD9F-B309F2448EBD}.Release|Any CPU.ActiveCfg = Release|Any CPU
		{E5E2FDE0-FFEE-4984-BD9F-B309F2448EBD}.Release|Any CPU.Build.0 = Release|Any CPU
	EndGlobalSection
EndGlobal
