
Microsoft Visual Studio Solution File, Format Version 11.00
# Visual Studio 2010
# SharpDevelop 5.1
Project("{FAE04EC0-301F-11D3-BF4B-00C04F79EFBC}") = "project20 namespaces", "project20 namespaces\project20 namespaces.csproj", "{A1E9764F-FE12-4481-9A90-BB7689024513}"
EndProject
Project("{FAE04EC0-301F-11D3-BF4B-00C04F79EFBC}") = "ProjectA.TeamB", "ProjectA.TeamB\ProjectA.TeamB.csproj", "{CE38EC89-6005-472B-A867-4C0755B667FD}"
EndProject
Global
	GlobalSection(SolutionConfigurationPlatforms) = preSolution
		Debug|Any CPU = Debug|Any CPU
		Release|Any CPU = Release|Any CPU
	EndGlobalSection
	GlobalSection(ProjectConfigurationPlatforms) = postSolution
		{A1E9764F-FE12-4481-9A90-BB7689024513}.Debug|Any CPU.ActiveCfg = Debug|Any CPU
		{A1E9764F-FE12-4481-9A90-BB7689024513}.Debug|Any CPU.Build.0 = Debug|Any CPU
		{A1E9764F-FE12-4481-9A90-BB7689024513}.Release|Any CPU.ActiveCfg = Release|Any CPU
		{A1E9764F-FE12-4481-9A90-BB7689024513}.Release|Any CPU.Build.0 = Release|Any CPU
		{CE38EC89-6005-472B-A867-4C0755B667FD}.Debug|Any CPU.ActiveCfg = Debug|Any CPU
		{CE38EC89-6005-472B-A867-4C0755B667FD}.Debug|Any CPU.Build.0 = Debug|Any CPU
		{CE38EC89-6005-472B-A867-4C0755B667FD}.Release|Any CPU.ActiveCfg = Release|Any CPU
		{CE38EC89-6005-472B-A867-4C0755B667FD}.Release|Any CPU.Build.0 = Release|Any CPU
	EndGlobalSection
EndGlobal
