
Microsoft Visual Studio Solution File, Format Version 11.00
# Visual Studio 2010
# SharpDevelop 5.1
Project("{FAE04EC0-301F-11D3-BF4B-00C04F79EFBC}") = "project23 inheritance", "project23 inheritance.csproj", "{AF3497EF-67A7-4CAC-9A15-C1F06E0899F4}"
EndProject
Project("{FAE04EC0-301F-11D3-BF4B-00C04F79EFBC}") = "inherited classes", "inherited classes\inherited classes\inherited classes.csproj", "{637256AA-52B3-4DFC-AB19-2D1D1E598D24}"
EndProject
Global
	GlobalSection(SolutionConfigurationPlatforms) = preSolution
		Debug|Any CPU = Debug|Any CPU
		Release|Any CPU = Release|Any CPU
	EndGlobalSection
	GlobalSection(ProjectConfigurationPlatforms) = postSolution
		{AF3497EF-67A7-4CAC-9A15-C1F06E0899F4}.Debug|Any CPU.ActiveCfg = Debug|Any CPU
		{AF3497EF-67A7-4CAC-9A15-C1F06E0899F4}.Debug|Any CPU.Build.0 = Debug|Any CPU
		{AF3497EF-67A7-4CAC-9A15-C1F06E0899F4}.Release|Any CPU.ActiveCfg = Release|Any CPU
		{AF3497EF-67A7-4CAC-9A15-C1F06E0899F4}.Release|Any CPU.Build.0 = Release|Any CPU
		{637256AA-52B3-4DFC-AB19-2D1D1E598D24}.Debug|Any CPU.ActiveCfg = Debug|Any CPU
		{637256AA-52B3-4DFC-AB19-2D1D1E598D24}.Debug|Any CPU.Build.0 = Debug|Any CPU
		{637256AA-52B3-4DFC-AB19-2D1D1E598D24}.Release|Any CPU.ActiveCfg = Release|Any CPU
		{637256AA-52B3-4DFC-AB19-2D1D1E598D24}.Release|Any CPU.Build.0 = Release|Any CPU
	EndGlobalSection
EndGlobal
