
Microsoft Visual Studio Solution File, Format Version 11.00
# Visual Studio 2010
# SharpDevelop 5.1
Project("{FAE04EC0-301F-11D3-BF4B-00C04F79EFBC}") = "project37 files io and handling exceptions", "project37 read write to files\project37 files io and handling exceptions.csproj", "{6CC82D94-E65C-4B49-8E70-57BB6F65BE4A}"
EndProject
Global
	GlobalSection(SolutionConfigurationPlatforms) = preSolution
		Debug|Any CPU = Debug|Any CPU
		Release|Any CPU = Release|Any CPU
	EndGlobalSection
	GlobalSection(ProjectConfigurationPlatforms) = postSolution
		{6CC82D94-E65C-4B49-8E70-57BB6F65BE4A}.Debug|Any CPU.ActiveCfg = Debug|Any CPU
		{6CC82D94-E65C-4B49-8E70-57BB6F65BE4A}.Debug|Any CPU.Build.0 = Debug|Any CPU
		{6CC82D94-E65C-4B49-8E70-57BB6F65BE4A}.Release|Any CPU.ActiveCfg = Release|Any CPU
		{6CC82D94-E65C-4B49-8E70-57BB6F65BE4A}.Release|Any CPU.Build.0 = Release|Any CPU
	EndGlobalSection
EndGlobal
