
Microsoft Visual Studio Solution File, Format Version 11.00
# Visual Studio 2010
# SharpDevelop 5.1
Project("{FAE04EC0-301F-11D3-BF4B-00C04F79EFBC}") = "project18 passing arguments by value or reference", "project18 passing arguments by value or reference\project18 passing arguments by value or reference.csproj", "{CEA2195B-4EAB-4FF7-B346-72D958ECF9B6}"
EndProject
Global
	GlobalSection(SolutionConfigurationPlatforms) = preSolution
		Debug|Any CPU = Debug|Any CPU
		Release|Any CPU = Release|Any CPU
	EndGlobalSection
	GlobalSection(ProjectConfigurationPlatforms) = postSolution
		{CEA2195B-4EAB-4FF7-B346-72D958ECF9B6}.Debug|Any CPU.ActiveCfg = Debug|Any CPU
		{CEA2195B-4EAB-4FF7-B346-72D958ECF9B6}.Debug|Any CPU.Build.0 = Debug|Any CPU
		{CEA2195B-4EAB-4FF7-B346-72D958ECF9B6}.Release|Any CPU.ActiveCfg = Release|Any CPU
		{CEA2195B-4EAB-4FF7-B346-72D958ECF9B6}.Release|Any CPU.Build.0 = Release|Any CPU
	EndGlobalSection
EndGlobal
