
Microsoft Visual Studio Solution File, Format Version 11.00
# Visual Studio 2010
# SharpDevelop 5.1
Project("{FAE04EC0-301F-11D3-BF4B-00C04F79EFBC}") = "project61 stack collection type", "project61 stack collection type\project61 stack collection type.csproj", "{16A4F1C4-693E-439A-A823-843FDEEC26A1}"
EndProject
Global
	GlobalSection(SolutionConfigurationPlatforms) = preSolution
		Debug|Any CPU = Debug|Any CPU
		Release|Any CPU = Release|Any CPU
	EndGlobalSection
	GlobalSection(ProjectConfigurationPlatforms) = postSolution
		{16A4F1C4-693E-439A-A823-843FDEEC26A1}.Debug|Any CPU.ActiveCfg = Debug|Any CPU
		{16A4F1C4-693E-439A-A823-843FDEEC26A1}.Debug|Any CPU.Build.0 = Debug|Any CPU
		{16A4F1C4-693E-439A-A823-843FDEEC26A1}.Release|Any CPU.ActiveCfg = Release|Any CPU
		{16A4F1C4-693E-439A-A823-843FDEEC26A1}.Release|Any CPU.Build.0 = Release|Any CPU
	EndGlobalSection
EndGlobal
