
Microsoft Visual Studio Solution File, Format Version 11.00
# Visual Studio 2010
# SharpDevelop 5.1
Project("{FAE04EC0-301F-11D3-BF4B-00C04F79EFBC}") = "project11 ternary and null coalescing operators", "project11 ternary and null coalescing operators\project11 ternary and null coalescing operators.csproj", "{806B93EA-592E-4FC9-A511-B0123D97C64B}"
EndProject
Global
	GlobalSection(SolutionConfigurationPlatforms) = preSolution
		Debug|Any CPU = Debug|Any CPU
		Release|Any CPU = Release|Any CPU
	EndGlobalSection
	GlobalSection(ProjectConfigurationPlatforms) = postSolution
		{806B93EA-592E-4FC9-A511-B0123D97C64B}.Debug|Any CPU.ActiveCfg = Debug|Any CPU
		{806B93EA-592E-4FC9-A511-B0123D97C64B}.Debug|Any CPU.Build.0 = Debug|Any CPU
		{806B93EA-592E-4FC9-A511-B0123D97C64B}.Release|Any CPU.ActiveCfg = Release|Any CPU
		{806B93EA-592E-4FC9-A511-B0123D97C64B}.Release|Any CPU.Build.0 = Release|Any CPU
	EndGlobalSection
EndGlobal
