
Microsoft Visual Studio Solution File, Format Version 11.00
# Visual Studio 2010
# SharpDevelop 5.1
Project("{FAE04EC0-301F-11D3-BF4B-00C04F79EFBC}") = "project19 output arguments and optional parameters", "project19 output parameters and arguments\project19 output arguments and optional parameters.csproj", "{9E5D63D2-8C86-4BA6-9583-BA72EABA3CBF}"
EndProject
Global
	GlobalSection(SolutionConfigurationPlatforms) = preSolution
		Debug|Any CPU = Debug|Any CPU
		Release|Any CPU = Release|Any CPU
	EndGlobalSection
	GlobalSection(ProjectConfigurationPlatforms) = postSolution
		{9E5D63D2-8C86-4BA6-9583-BA72EABA3CBF}.Debug|Any CPU.ActiveCfg = Debug|Any CPU
		{9E5D63D2-8C86-4BA6-9583-BA72EABA3CBF}.Debug|Any CPU.Build.0 = Debug|Any CPU
		{9E5D63D2-8C86-4BA6-9583-BA72EABA3CBF}.Release|Any CPU.ActiveCfg = Release|Any CPU
		{9E5D63D2-8C86-4BA6-9583-BA72EABA3CBF}.Release|Any CPU.Build.0 = Release|Any CPU
	EndGlobalSection
EndGlobal
