
Microsoft Visual Studio Solution File, Format Version 11.00
# Visual Studio 2010
# SharpDevelop 5.1
Project("{FAE04EC0-301F-11D3-BF4B-00C04F79EFBC}") = "project13 implicit, explicit, data type conversions", "project13 implicit, explicit, data type conversions\project13 implicit, explicit, data type conversions.csproj", "{A9A895BE-5872-4F8B-8BB4-7C3267C9E802}"
EndProject
Global
	GlobalSection(SolutionConfigurationPlatforms) = preSolution
		Debug|Any CPU = Debug|Any CPU
		Release|Any CPU = Release|Any CPU
	EndGlobalSection
	GlobalSection(ProjectConfigurationPlatforms) = postSolution
		{A9A895BE-5872-4F8B-8BB4-7C3267C9E802}.Debug|Any CPU.ActiveCfg = Debug|Any CPU
		{A9A895BE-5872-4F8B-8BB4-7C3267C9E802}.Debug|Any CPU.Build.0 = Debug|Any CPU
		{A9A895BE-5872-4F8B-8BB4-7C3267C9E802}.Release|Any CPU.ActiveCfg = Release|Any CPU
		{A9A895BE-5872-4F8B-8BB4-7C3267C9E802}.Release|Any CPU.Build.0 = Release|Any CPU
	EndGlobalSection
EndGlobal
